
Microsoft Visual Studio Solution File, Format Version 12.00
# Visual Studio Version 17
VisualStudioVersion = 17.1.32210.238
MinimumVisualStudioVersion = 10.0.40219.1
Project("{2150E333-8FDC-42A3-9474-1A3956D46DE8}") = "Data", "Data", "{0FFFA316-0897-42A6-98A3-6BA677944F6D}"
EndProject
Project("{9A19103F-16F7-4668-BE54-9A1E7A4F7556}") = "Repository", "Repository\Repository.csproj", "{0C0A88E6-1FC2-4E93-802B-A662AB4C1458}"
EndProject
Project("{9A19103F-16F7-4668-BE54-9A1E7A4F7556}") = "WebServer", "WebServer\WebServer.csproj", "{1AB00BB6-9111-4C9A-B063-B94AADD7CA97}"
EndProject
Project("{9A19103F-16F7-4668-BE54-9A1E7A4F7556}") = "AutofacDependence", "AutofacDependence\AutofacDependence.csproj", "{C58F2BA0-ECB2-4D59-A0DB-5ABF93FE56EE}"
EndProject
Project("{9A19103F-16F7-4668-BE54-9A1E7A4F7556}") = "Startup", "Administrator\Startup.csproj", "{87DDC21F-FF82-43F9-AB8F-45A75AD7FCA0}"
EndProject
Project("{9A19103F-16F7-4668-BE54-9A1E7A4F7556}") = "User", "User\User.csproj", "{D6D560B1-10FE-48A7-9601-3A6C1DEB900C}"
EndProject
Project("{9A19103F-16F7-4668-BE54-9A1E7A4F7556}") = "Models", "Models\Models.csproj", "{D1ED7955-50D5-4084-9F75-8C6EF1529EA9}"
EndProject
Project("{2150E333-8FDC-42A3-9474-1A3956D46DE8}") = "BLL", "BLL", "{AAD84189-CC27-4148-BE68-00585036C7CF}"
EndProject
Project("{9A19103F-16F7-4668-BE54-9A1E7A4F7556}") = "ModelsView", "ModelsView\ModelsView.csproj", "{086232B7-78FF-47E7-B7BA-750AFCBD1890}"
EndProject
Project("{9A19103F-16F7-4668-BE54-9A1E7A4F7556}") = "Services", "Services\Services.csproj", "{11859DDF-6006-410F-9183-7610CBC7B208}"
EndProject
Project("{9A19103F-16F7-4668-BE54-9A1E7A4F7556}") = "ServicesMVVM", "ServicesMVVM\ServicesMVVM.csproj", "{C4963443-2A05-44EA-9E29-2E782107F689}"
EndProject
Project("{FAE04EC0-301F-11D3-BF4B-00C04F79EFBC}") = "AdministratorFormsWPF", "AdministratorFormsWPF\AdministratorFormsWPF.csproj", "{2A79D330-EDE5-476E-9CFF-92CC4F7A3CDF}"
EndProject
Project("{FAE04EC0-301F-11D3-BF4B-00C04F79EFBC}") = "AutofacWpfDependences", "AutofacWpfDependences\AutofacWpfDependences.csproj", "{6467FE7E-C052-41C0-89E0-86AED195CD66}"
EndProject
Project("{2150E333-8FDC-42A3-9474-1A3956D46DE8}") = "MVVM", "MVVM", "{D359AD34-ABE1-4367-914D-42DD486B2734}"
EndProject
Global
	GlobalSection(SolutionConfigurationPlatforms) = preSolution
		Debug|Any CPU = Debug|Any CPU
		Release|Any CPU = Release|Any CPU
	EndGlobalSection
	GlobalSection(ProjectConfigurationPlatforms) = postSolution
		{0C0A88E6-1FC2-4E93-802B-A662AB4C1458}.Debug|Any CPU.ActiveCfg = Debug|Any CPU
		{0C0A88E6-1FC2-4E93-802B-A662AB4C1458}.Debug|Any CPU.Build.0 = Debug|Any CPU
		{0C0A88E6-1FC2-4E93-802B-A662AB4C1458}.Release|Any CPU.ActiveCfg = Release|Any CPU
		{0C0A88E6-1FC2-4E93-802B-A662AB4C1458}.Release|Any CPU.Build.0 = Release|Any CPU
		{1AB00BB6-9111-4C9A-B063-B94AADD7CA97}.Debug|Any CPU.ActiveCfg = Debug|Any CPU
		{1AB00BB6-9111-4C9A-B063-B94AADD7CA97}.Debug|Any CPU.Build.0 = Debug|Any CPU
		{1AB00BB6-9111-4C9A-B063-B94AADD7CA97}.Release|Any CPU.ActiveCfg = Release|Any CPU
		{1AB00BB6-9111-4C9A-B063-B94AADD7CA97}.Release|Any CPU.Build.0 = Release|Any CPU
		{C58F2BA0-ECB2-4D59-A0DB-5ABF93FE56EE}.Debug|Any CPU.ActiveCfg = Debug|Any CPU
		{C58F2BA0-ECB2-4D59-A0DB-5ABF93FE56EE}.Debug|Any CPU.Build.0 = Debug|Any CPU
		{C58F2BA0-ECB2-4D59-A0DB-5ABF93FE56EE}.Release|Any CPU.ActiveCfg = Release|Any CPU
		{C58F2BA0-ECB2-4D59-A0DB-5ABF93FE56EE}.Release|Any CPU.Build.0 = Release|Any CPU
		{87DDC21F-FF82-43F9-AB8F-45A75AD7FCA0}.Debug|Any CPU.ActiveCfg = Debug|Any CPU
		{87DDC21F-FF82-43F9-AB8F-45A75AD7FCA0}.Debug|Any CPU.Build.0 = Debug|Any CPU
		{87DDC21F-FF82-43F9-AB8F-45A75AD7FCA0}.Release|Any CPU.ActiveCfg = Release|Any CPU
		{87DDC21F-FF82-43F9-AB8F-45A75AD7FCA0}.Release|Any CPU.Build.0 = Release|Any CPU
		{D6D560B1-10FE-48A7-9601-3A6C1DEB900C}.Debug|Any CPU.ActiveCfg = Debug|Any CPU
		{D6D560B1-10FE-48A7-9601-3A6C1DEB900C}.Debug|Any CPU.Build.0 = Debug|Any CPU
		{D6D560B1-10FE-48A7-9601-3A6C1DEB900C}.Release|Any CPU.ActiveCfg = Release|Any CPU
		{D6D560B1-10FE-48A7-9601-3A6C1DEB900C}.Release|Any CPU.Build.0 = Release|Any CPU
		{D1ED7955-50D5-4084-9F75-8C6EF1529EA9}.Debug|Any CPU.ActiveCfg = Debug|Any CPU
		{D1ED7955-50D5-4084-9F75-8C6EF1529EA9}.Debug|Any CPU.Build.0 = Debug|Any CPU
		{D1ED7955-50D5-4084-9F75-8C6EF1529EA9}.Release|Any CPU.ActiveCfg = Release|Any CPU
		{D1ED7955-50D5-4084-9F75-8C6EF1529EA9}.Release|Any CPU.Build.0 = Release|Any CPU
		{086232B7-78FF-47E7-B7BA-750AFCBD1890}.Debug|Any CPU.ActiveCfg = Debug|Any CPU
		{086232B7-78FF-47E7-B7BA-750AFCBD1890}.Debug|Any CPU.Build.0 = Debug|Any CPU
		{086232B7-78FF-47E7-B7BA-750AFCBD1890}.Release|Any CPU.ActiveCfg = Release|Any CPU
		{086232B7-78FF-47E7-B7BA-750AFCBD1890}.Release|Any CPU.Build.0 = Release|Any CPU
		{11859DDF-6006-410F-9183-7610CBC7B208}.Debug|Any CPU.ActiveCfg = Debug|Any CPU
		{11859DDF-6006-410F-9183-7610CBC7B208}.Debug|Any CPU.Build.0 = Debug|Any CPU
		{11859DDF-6006-410F-9183-7610CBC7B208}.Release|Any CPU.ActiveCfg = Release|Any CPU
		{11859DDF-6006-410F-9183-7610CBC7B208}.Release|Any CPU.Build.0 = Release|Any CPU
		{C4963443-2A05-44EA-9E29-2E782107F689}.Debug|Any CPU.ActiveCfg = Debug|Any CPU
		{C4963443-2A05-44EA-9E29-2E782107F689}.Debug|Any CPU.Build.0 = Debug|Any CPU
		{C4963443-2A05-44EA-9E29-2E782107F689}.Release|Any CPU.ActiveCfg = Release|Any CPU
		{C4963443-2A05-44EA-9E29-2E782107F689}.Release|Any CPU.Build.0 = Release|Any CPU
		{2A79D330-EDE5-476E-9CFF-92CC4F7A3CDF}.Debug|Any CPU.ActiveCfg = Debug|Any CPU
		{2A79D330-EDE5-476E-9CFF-92CC4F7A3CDF}.Debug|Any CPU.Build.0 = Debug|Any CPU
		{2A79D330-EDE5-476E-9CFF-92CC4F7A3CDF}.Release|Any CPU.ActiveCfg = Release|Any CPU
		{2A79D330-EDE5-476E-9CFF-92CC4F7A3CDF}.Release|Any CPU.Build.0 = Release|Any CPU
		{6467FE7E-C052-41C0-89E0-86AED195CD66}.Debug|Any CPU.ActiveCfg = Debug|Any CPU
		{6467FE7E-C052-41C0-89E0-86AED195CD66}.Debug|Any CPU.Build.0 = Debug|Any CPU
		{6467FE7E-C052-41C0-89E0-86AED195CD66}.Release|Any CPU.ActiveCfg = Release|Any CPU
		{6467FE7E-C052-41C0-89E0-86AED195CD66}.Release|Any CPU.Build.0 = Release|Any CPU
	EndGlobalSection
	GlobalSection(SolutionProperties) = preSolution
		HideSolutionNode = FALSE
	EndGlobalSection
	GlobalSection(NestedProjects) = preSolution
		{0C0A88E6-1FC2-4E93-802B-A662AB4C1458} = {0FFFA316-0897-42A6-98A3-6BA677944F6D}
		{1AB00BB6-9111-4C9A-B063-B94AADD7CA97} = {0FFFA316-0897-42A6-98A3-6BA677944F6D}
		{C58F2BA0-ECB2-4D59-A0DB-5ABF93FE56EE} = {AAD84189-CC27-4148-BE68-00585036C7CF}
		{D6D560B1-10FE-48A7-9601-3A6C1DEB900C} = {D359AD34-ABE1-4367-914D-42DD486B2734}
		{D1ED7955-50D5-4084-9F75-8C6EF1529EA9} = {0FFFA316-0897-42A6-98A3-6BA677944F6D}
		{086232B7-78FF-47E7-B7BA-750AFCBD1890} = {AAD84189-CC27-4148-BE68-00585036C7CF}
		{11859DDF-6006-410F-9183-7610CBC7B208} = {AAD84189-CC27-4148-BE68-00585036C7CF}
		{C4963443-2A05-44EA-9E29-2E782107F689} = {D359AD34-ABE1-4367-914D-42DD486B2734}
		{2A79D330-EDE5-476E-9CFF-92CC4F7A3CDF} = {D359AD34-ABE1-4367-914D-42DD486B2734}
		{6467FE7E-C052-41C0-89E0-86AED195CD66} = {D359AD34-ABE1-4367-914D-42DD486B2734}
	EndGlobalSection
	GlobalSection(ExtensibilityGlobals) = postSolution
		SolutionGuid = {F7464A9B-6D52-4666-86B0-C8134550B532}
	EndGlobalSection
EndGlobal
